
Microsoft Visual Studio Solution File, Format Version 12.00
# Visual Studio Version 17
VisualStudioVersion = 17.9.34728.123
MinimumVisualStudioVersion = 10.0.40219.1
Project("{FAE04EC0-301F-11D3-BF4B-00C04F79EFBC}") = "VotingApp", "VotingApp\VotingApp.csproj", "{238DE126-D4D0-4BA4-8E38-C442C77BF63D}"
EndProject
Project("{FAE04EC0-301F-11D3-BF4B-00C04F79EFBC}") = "SimpleBlockchain", "SimpleBlockchain\SimpleBlockchain.csproj", "{CE9CEBC3-6F8E-47D7-A5FC-562B5614C293}"
EndProject
Global
	GlobalSection(SolutionConfigurationPlatforms) = preSolution
		Debug|Any CPU = Debug|Any CPU
		Release|Any CPU = Release|Any CPU
	EndGlobalSection
	GlobalSection(ProjectConfigurationPlatforms) = postSolution
		{238DE126-D4D0-4BA4-8E38-C442C77BF63D}.Debug|Any CPU.ActiveCfg = Debug|Any CPU
		{238DE126-D4D0-4BA4-8E38-C442C77BF63D}.Debug|Any CPU.Build.0 = Debug|Any CPU
		{238DE126-D4D0-4BA4-8E38-C442C77BF63D}.Release|Any CPU.ActiveCfg = Release|Any CPU
		{238DE126-D4D0-4BA4-8E38-C442C77BF63D}.Release|Any CPU.Build.0 = Release|Any CPU
		{CE9CEBC3-6F8E-47D7-A5FC-562B5614C293}.Debug|Any CPU.ActiveCfg = Debug|Any CPU
		{CE9CEBC3-6F8E-47D7-A5FC-562B5614C293}.Debug|Any CPU.Build.0 = Debug|Any CPU
		{CE9CEBC3-6F8E-47D7-A5FC-562B5614C293}.Release|Any CPU.ActiveCfg = Release|Any CPU
		{CE9CEBC3-6F8E-47D7-A5FC-562B5614C293}.Release|Any CPU.Build.0 = Release|Any CPU
	EndGlobalSection
	GlobalSection(SolutionProperties) = preSolution
		HideSolutionNode = FALSE
	EndGlobalSection
	GlobalSection(ExtensibilityGlobals) = postSolution
		SolutionGuid = {B7C30461-EF4B-40C6-8A4C-7BB1101E569D}
	EndGlobalSection
EndGlobal
